
Microsoft Visual Studio Solution File, Format Version 12.00
# Visual Studio Version 17
VisualStudioVersion = 17.4.33122.133
MinimumVisualStudioVersion = 10.0.40219.1
Project("{FAE04EC0-301F-11D3-BF4B-00C04F79EFBC}") = "ConsoleApp14", "ConsoleApp14.csproj", "{3AC971CC-B25F-49E1-A3AC-859378950512}"
EndProject
Global
	GlobalSection(SolutionConfigurationPlatforms) = preSolution
		Debug|Any CPU = Debug|Any CPU
		Release|Any CPU = Release|Any CPU
	EndGlobalSection
	GlobalSection(ProjectConfigurationPlatforms) = postSolution
		{3AC971CC-B25F-49E1-A3AC-859378950512}.Debug|Any CPU.ActiveCfg = Debug|Any CPU
		{3AC971CC-B25F-49E1-A3AC-859378950512}.Debug|Any CPU.Build.0 = Debug|Any CPU
		{3AC971CC-B25F-49E1-A3AC-859378950512}.Release|Any CPU.ActiveCfg = Release|Any CPU
		{3AC971CC-B25F-49E1-A3AC-859378950512}.Release|Any CPU.Build.0 = Release|Any CPU
	EndGlobalSection
	GlobalSection(SolutionProperties) = preSolution
		HideSolutionNode = FALSE
	EndGlobalSection
	GlobalSection(ExtensibilityGlobals) = postSolution
		SolutionGuid = {95B9A916-D5AE-4410-ABB5-D0189626D653}
	EndGlobalSection
EndGlobal
