
Microsoft Visual Studio Solution File, Format Version 12.00
# Visual Studio Version 17
VisualStudioVersion = 17.4.33122.133
MinimumVisualStudioVersion = 10.0.40219.1
Project("{FAE04EC0-301F-11D3-BF4B-00C04F79EFBC}") = "ConsoleApp6", "ConsoleApp6.csproj", "{79D4DAE4-EDDB-4050-8851-FFDC5BCC9728}"
EndProject
Global
	GlobalSection(SolutionConfigurationPlatforms) = preSolution
		Debug|Any CPU = Debug|Any CPU
		Release|Any CPU = Release|Any CPU
	EndGlobalSection
	GlobalSection(ProjectConfigurationPlatforms) = postSolution
		{79D4DAE4-EDDB-4050-8851-FFDC5BCC9728}.Debug|Any CPU.ActiveCfg = Debug|Any CPU
		{79D4DAE4-EDDB-4050-8851-FFDC5BCC9728}.Debug|Any CPU.Build.0 = Debug|Any CPU
		{79D4DAE4-EDDB-4050-8851-FFDC5BCC9728}.Release|Any CPU.ActiveCfg = Release|Any CPU
		{79D4DAE4-EDDB-4050-8851-FFDC5BCC9728}.Release|Any CPU.Build.0 = Release|Any CPU
	EndGlobalSection
	GlobalSection(SolutionProperties) = preSolution
		HideSolutionNode = FALSE
	EndGlobalSection
	GlobalSection(ExtensibilityGlobals) = postSolution
		SolutionGuid = {3DD8AF3D-9E20-44A4-9122-576643F82ACB}
	EndGlobalSection
EndGlobal
